
Microsoft Visual Studio Solution File, Format Version 11.00
# Visual Studio 2010
Project("{8BC9CEB8-8B4A-11D0-8D11-00A0C91BC942}") = "GTA_IV_Invoker", "GTA_IV_Invoker\GTA_IV_Invoker.vcxproj", "{DC101315-E398-47BB-8073-7A0CDA48C06A}"
EndProject
Global
	GlobalSection(SolutionConfigurationPlatforms) = preSolution
		Debug|PS3 = Debug|PS3
		Release|PS3 = Release|PS3
	EndGlobalSection
	GlobalSection(ProjectConfigurationPlatforms) = postSolution
		{DC101315-E398-47BB-8073-7A0CDA48C06A}.Debug|PS3.ActiveCfg = Debug|PS3
		{DC101315-E398-47BB-8073-7A0CDA48C06A}.Debug|PS3.Build.0 = Debug|PS3
		{DC101315-E398-47BB-8073-7A0CDA48C06A}.Release|PS3.ActiveCfg = Release|PS3
		{DC101315-E398-47BB-8073-7A0CDA48C06A}.Release|PS3.Build.0 = Release|PS3
	EndGlobalSection
	GlobalSection(SolutionProperties) = preSolution
		HideSolutionNode = FALSE
	EndGlobalSection
EndGlobal
